<?xml version="1.0" encoding="utf-8"?>
<Project ToolsVersion="4.0" xmlns="http://schemas.microsoft.com/developer/msbuild/2003">
  <ItemGroup>
    <Filter Include="Source Files">
      <UniqueIdentifier>{4FC737F1-C7A5-4376-A066-2A32D752A2FF}</UniqueIdentifier>
      <Extensions>cpp;c;cc;cxx;def;odl;idl;hpj;bat;asm;asmx</Extensions>
    </Filter>
    <Filter Include="Header Files">
      <UniqueIdentifier>{93995380-89BD-4b04-88EB-625FBE52EBFB}</UniqueIdentifier>
      <Extensions>h;hh;hpp;hxx;hm;inl;inc;ipp;xsd</Extensions>
    </Filter>
    <Filter Include="Resource Files">
      <UniqueIdentifier>{67DA6AB6-F800-4c08-8B7A-83BB121AAD01}</UniqueIdentifier>
      <Extensions>rc;ico;cur;bmp;dlg;rc2;rct;bin;rgs;gif;jpg;jpeg;jpe;resx;tiff;tif;png;wav;mfcribbon-ms</Extensions>
    </Filter>
  </ItemGroup>
  <ItemGroup>
    <ClInclude Include="stdafx.h">
      <Filter>Header Files</Filter>
    </ClInclude>
    <ClInclude Include="targetver.h">
      <Filter>Header Files</Filter>
    </ClInclude>
    <ClInclude Include="Timer.h">
      <Filter>Header Files</Filter>
    </ClInclude>
    <ClInclude Include="Data_Structures\Array_base\Array.h">
      <Filter>Header Files</Filter>
    </ClInclude>
    <ClInclude Include="Menu_Handlers\ArrayHandler.h">
      <Filter>Header Files</Filter>
    </ClInclude>
    <ClInclude Include="Data_Structures\DataStructure.h">
      <Filter>Header Files</Filter>
    </ClInclude>
    <ClInclude Include="Data_Structures\List_base\DLListIterator.h">
      <Filter>Header Files</Filter>
    </ClInclude>
    <ClInclude Include="Data_Structures\List_base\DoublyLinkedList.h">
      <Filter>Header Files</Filter>
    </ClInclude>
    <ClInclude Include="Menu_Handlers\Handler.h">
      <Filter>Header Files</Filter>
    </ClInclude>
    <ClInclude Include="Data_Structures\Array_base\Heap.h">
      <Filter>Header Files</Filter>
    </ClInclude>
    <ClInclude Include="Data_Structures\List_base\ListIterator.h">
      <Filter>Header Files</Filter>
    </ClInclude>
    <ClInclude Include="Data_Structures\List_base\NodeDL.h">
      <Filter>Header Files</Filter>
    </ClInclude>
    <ClInclude Include="Data_Structures\List_base\Node.h">
      <Filter>Header Files</Filter>
    </ClInclude>
    <ClInclude Include="Data_Structures\List_base\List.h">
      <Filter>Header Files</Filter>
    </ClInclude>
    <ClInclude Include="Data_Structures\Array_base\Stack.h">
      <Filter>Header Files</Filter>
    </ClInclude>
    <ClInclude Include="Menu_Handlers\ListHandler.h">
      <Filter>Header Files</Filter>
    </ClInclude>
    <ClInclude Include="Menu_Handlers\HeapHandler.h">
      <Filter>Header Files</Filter>
    </ClInclude>
    <ClInclude Include="Menu_Handlers\StackHandler.h">
      <Filter>Header Files</Filter>
    </ClInclude>
    <ClInclude Include="Menu_Handlers\DLListHandler.h">
      <Filter>Header Files</Filter>
    </ClInclude>
  </ItemGroup>
  <ItemGroup>
    <ClCompile Include="stdafx.cpp">
      <Filter>Source Files</Filter>
    </ClCompile>
    <ClCompile Include="Basic_Data_Struct.cpp">
      <Filter>Source Files</Filter>
    </ClCompile>
    <ClCompile Include="Timer.cpp">
      <Filter>Source Files</Filter>
    </ClCompile>
    <ClCompile Include="Menu_Handlers\ArrayHandler.cpp">
      <Filter>Source Files</Filter>
    </ClCompile>
    <ClCompile Include="Data_Structures\Array_base\Array.cpp">
      <Filter>Source Files</Filter>
    </ClCompile>
    <ClCompile Include="Data_Structures\List_base\DoublyLinkedList.cpp">
      <Filter>Source Files</Filter>
    </ClCompile>
    <ClCompile Include="Menu_Handlers\Handler.cpp">
      <Filter>Source Files</Filter>
    </ClCompile>
    <ClCompile Include="Data_Structures\Array_base\Heap.cpp">
      <Filter>Source Files</Filter>
    </ClCompile>
    <ClCompile Include="Data_Structures\List_base\NodeDL.cpp">
      <Filter>Source Files</Filter>
    </ClCompile>
    <ClCompile Include="Data_Structures\List_base\Node.cpp">
      <Filter>Source Files</Filter>
    </ClCompile>
    <ClCompile Include="Data_Structures\List_base\List.cpp">
      <Filter>Source Files</Filter>
    </ClCompile>
    <ClCompile Include="Data_Structures\Array_base\Stack.cpp">
      <Filter>Source Files</Filter>
    </ClCompile>
    <ClCompile Include="Menu_Handlers\HeapHandler.cpp">
      <Filter>Source Files</Filter>
    </ClCompile>
    <ClCompile Include="Menu_Handlers\StackHandler.cpp">
      <Filter>Source Files</Filter>
    </ClCompile>
    <ClCompile Include="Menu_Handlers\DLListHandler.cpp">
      <Filter>Source Files</Filter>
    </ClCompile>
    <ClCompile Include="Menu_Handlers\ListHandler.cpp">
      <Filter>Source Files</Filter>
    </ClCompile>
  </ItemGroup>
</Project>